// !$*UTF8*$!
{
	archiveVersion = 1;
	classes = {
	};
	objectVersion = 56;
	objects = {

/* Begin PBXBuildFile section */
		3F09BC3A2AB2160D00924ACE /* NativeDashApp.swift in Sources */ = {isa = PBXBuildFile; fileRef = 3F09BC392AB2160D00924ACE /* NativeDashApp.swift */; };
		3F09BC3C2AB2160D00924ACE /* ContentView.swift in Sources */ = {isa = PBXBuildFile; fileRef = 3F09BC3B2AB2160D00924ACE /* ContentView.swift */; };
		3F09BC3E2AB2160F00924ACE /* Assets.xcassets in Resources */ = {isa = PBXBuildFile; fileRef = 3F09BC3D2AB2160F00924ACE /* Assets.xcassets */; };
		3F09BC412AB2160F00924ACE /* Preview Assets.xcassets in Resources */ = {isa = PBXBuildFile; fileRef = 3F09BC402AB2160F00924ACE /* Preview Assets.xcassets */; };
		3F09BC472AB2160F00924ACE /* NativeDash Watch App.app in Embed Watch Content */ = {isa = PBXBuildFile; fileRef = 3F09BC462AB2160F00924ACE /* NativeDash Watch App.app */; settings = {ATTRIBUTES = (RemoveHeadersOnCopy, ); }; };
		3F09BC4C2AB2160F00924ACE /* NativeDashApp.swift in Sources */ = {isa = PBXBuildFile; fileRef = 3F09BC4B2AB2160F00924ACE /* NativeDashApp.swift */; };
		3F09BC4E2AB2160F00924ACE /* ContentView.swift in Sources */ = {isa = PBXBuildFile; fileRef = 3F09BC4D2AB2160F00924ACE /* ContentView.swift */; };
		3F09BC502AB2161000924ACE /* Assets.xcassets in Resources */ = {isa = PBXBuildFile; fileRef = 3F09BC4F2AB2161000924ACE /* Assets.xcassets */; };
		3F09BC532AB2161000924ACE /* Preview Assets.xcassets in Resources */ = {isa = PBXBuildFile; fileRef = 3F09BC522AB2161000924ACE /* Preview Assets.xcassets */; };
		3F2F8BE02AEC04F300393F60 /* SingleCard.swift in Sources */ = {isa = PBXBuildFile; fileRef = 3F2F8BDF2AEC04F300393F60 /* SingleCard.swift */; };
		3F2F8BE12AEC04F300393F60 /* SingleCard.swift in Sources */ = {isa = PBXBuildFile; fileRef = 3F2F8BDF2AEC04F300393F60 /* SingleCard.swift */; };
		3F2F8BE32AEF4EF700393F60 /* ScheduleStack.swift in Sources */ = {isa = PBXBuildFile; fileRef = 3F2F8BE22AEF4EF700393F60 /* ScheduleStack.swift */; };
		3F2F8BE52AEF4F3C00393F60 /* PeriodTimerRing.swift in Sources */ = {isa = PBXBuildFile; fileRef = 3F2F8BE42AEF4F3C00393F60 /* PeriodTimerRing.swift */; };
		3F2F8BE62AEF4F3C00393F60 /* PeriodTimerRing.swift in Sources */ = {isa = PBXBuildFile; fileRef = 3F2F8BE42AEF4F3C00393F60 /* PeriodTimerRing.swift */; };
		3FB335DC2AF302B100028FC8 /* DataStructs.swift in Sources */ = {isa = PBXBuildFile; fileRef = 3FB335DB2AF302B100028FC8 /* DataStructs.swift */; };
		3FB335DD2AF302B100028FC8 /* DataStructs.swift in Sources */ = {isa = PBXBuildFile; fileRef = 3FB335DB2AF302B100028FC8 /* DataStructs.swift */; };
		3FB54FE22AEFFAC000623592 /* Launch Screen.storyboard in Resources */ = {isa = PBXBuildFile; fileRef = 3FB54FE12AEFFAC000623592 /* Launch Screen.storyboard */; };
		3FDB6AC92B456264005FBE27 /* StoredScheduleOnDate+CoreDataClass.swift in Sources */ = {isa = PBXBuildFile; fileRef = 3FDB6AC72B456264005FBE27 /* StoredScheduleOnDate+CoreDataClass.swift */; };
		3FDB6ACA2B456264005FBE27 /* StoredScheduleOnDate+CoreDataClass.swift in Sources */ = {isa = PBXBuildFile; fileRef = 3FDB6AC72B456264005FBE27 /* StoredScheduleOnDate+CoreDataClass.swift */; };
		3FDB6ACB2B456264005FBE27 /* StoredScheduleOnDate+CoreDataProperties.swift in Sources */ = {isa = PBXBuildFile; fileRef = 3FDB6AC82B456264005FBE27 /* StoredScheduleOnDate+CoreDataProperties.swift */; };
		3FDB6ACC2B456264005FBE27 /* StoredScheduleOnDate+CoreDataProperties.swift in Sources */ = {isa = PBXBuildFile; fileRef = 3FDB6AC82B456264005FBE27 /* StoredScheduleOnDate+CoreDataProperties.swift */; };
		3FF726C62B0BB8450093E54C /* NativeDash.xcdatamodeld in Sources */ = {isa = PBXBuildFile; fileRef = 3FF726C42B0BB8450093E54C /* NativeDash.xcdatamodeld */; };
		3FF726C82B0BB8950093E54C /* Persistence.swift in Sources */ = {isa = PBXBuildFile; fileRef = 3FF726C72B0BB8950093E54C /* Persistence.swift */; };
		3FF726C92B0BDBCC0093E54C /* NativeDash.xcdatamodeld in Sources */ = {isa = PBXBuildFile; fileRef = 3FF726C42B0BB8450093E54C /* NativeDash.xcdatamodeld */; };
		3FF726CA2B0BDBEB0093E54C /* Persistence.swift in Sources */ = {isa = PBXBuildFile; fileRef = 3FF726C72B0BB8950093E54C /* Persistence.swift */; };
		3FF726CF2B0BF9130093E54C /* StoredPeriod+CoreDataClass.swift in Sources */ = {isa = PBXBuildFile; fileRef = 3FF726CB2B0BF9130093E54C /* StoredPeriod+CoreDataClass.swift */; };
		3FF726D02B0BF9130093E54C /* StoredPeriod+CoreDataClass.swift in Sources */ = {isa = PBXBuildFile; fileRef = 3FF726CB2B0BF9130093E54C /* StoredPeriod+CoreDataClass.swift */; };
		3FF726D12B0BF9130093E54C /* StoredPeriod+CoreDataProperties.swift in Sources */ = {isa = PBXBuildFile; fileRef = 3FF726CC2B0BF9130093E54C /* StoredPeriod+CoreDataProperties.swift */; };
		3FF726D22B0BF9130093E54C /* StoredPeriod+CoreDataProperties.swift in Sources */ = {isa = PBXBuildFile; fileRef = 3FF726CC2B0BF9130093E54C /* StoredPeriod+CoreDataProperties.swift */; };
		3FF726D32B0BF9130093E54C /* StoredDayType+CoreDataClass.swift in Sources */ = {isa = PBXBuildFile; fileRef = 3FF726CD2B0BF9130093E54C /* StoredDayType+CoreDataClass.swift */; };
		3FF726D42B0BF9130093E54C /* StoredDayType+CoreDataClass.swift in Sources */ = {isa = PBXBuildFile; fileRef = 3FF726CD2B0BF9130093E54C /* StoredDayType+CoreDataClass.swift */; };
		3FF726D52B0BF9130093E54C /* StoredDayType+CoreDataProperties.swift in Sources */ = {isa = PBXBuildFile; fileRef = 3FF726CE2B0BF9130093E54C /* StoredDayType+CoreDataProperties.swift */; };
		3FF726D62B0BF9130093E54C /* StoredDayType+CoreDataProperties.swift in Sources */ = {isa = PBXBuildFile; fileRef = 3FF726CE2B0BF9130093E54C /* StoredDayType+CoreDataProperties.swift */; };
/* End PBXBuildFile section */

/* Begin PBXContainerItemProxy section */
		3F09BC482AB2160F00924ACE /* PBXContainerItemProxy */ = {
			isa = PBXContainerItemProxy;
			containerPortal = 3F09BC2E2AB2160D00924ACE /* Project object */;
			proxyType = 1;
			remoteGlobalIDString = 3F09BC452AB2160F00924ACE;
			remoteInfo = "NativeDash Watch App";
		};
/* End PBXContainerItemProxy section */

/* Begin PBXCopyFilesBuildPhase section */
		3F09BC592AB2161000924ACE /* Embed Watch Content */ = {
			isa = PBXCopyFilesBuildPhase;
			buildActionMask = 2147483647;
			dstPath = "$(CONTENTS_FOLDER_PATH)/Watch";
			dstSubfolderSpec = 16;
			files = (
				3F09BC472AB2160F00924ACE /* NativeDash Watch App.app in Embed Watch Content */,
			);
			name = "Embed Watch Content";
			runOnlyForDeploymentPostprocessing = 0;
		};
/* End PBXCopyFilesBuildPhase section */

/* Begin PBXFileReference section */
		3F09BC362AB2160D00924ACE /* NativeDash.app */ = {isa = PBXFileReference; explicitFileType = wrapper.application; includeInIndex = 0; path = NativeDash.app; sourceTree = BUILT_PRODUCTS_DIR; };
		3F09BC392AB2160D00924ACE /* NativeDashApp.swift */ = {isa = PBXFileReference; lastKnownFileType = sourcecode.swift; path = NativeDashApp.swift; sourceTree = "<group>"; };
		3F09BC3B2AB2160D00924ACE /* ContentView.swift */ = {isa = PBXFileReference; lastKnownFileType = sourcecode.swift; path = ContentView.swift; sourceTree = "<group>"; };
		3F09BC3D2AB2160F00924ACE /* Assets.xcassets */ = {isa = PBXFileReference; lastKnownFileType = folder.assetcatalog; path = Assets.xcassets; sourceTree = "<group>"; };
		3F09BC402AB2160F00924ACE /* Preview Assets.xcassets */ = {isa = PBXFileReference; lastKnownFileType = folder.assetcatalog; path = "Preview Assets.xcassets"; sourceTree = "<group>"; };
		3F09BC462AB2160F00924ACE /* NativeDash Watch App.app */ = {isa = PBXFileReference; explicitFileType = wrapper.application; includeInIndex = 0; path = "NativeDash Watch App.app"; sourceTree = BUILT_PRODUCTS_DIR; };
		3F09BC4B2AB2160F00924ACE /* NativeDashApp.swift */ = {isa = PBXFileReference; lastKnownFileType = sourcecode.swift; path = NativeDashApp.swift; sourceTree = "<group>"; };
		3F09BC4D2AB2160F00924ACE /* ContentView.swift */ = {isa = PBXFileReference; lastKnownFileType = sourcecode.swift; path = ContentView.swift; sourceTree = "<group>"; };
		3F09BC4F2AB2161000924ACE /* Assets.xcassets */ = {isa = PBXFileReference; lastKnownFileType = folder.assetcatalog; path = Assets.xcassets; sourceTree = "<group>"; };
		3F09BC522AB2161000924ACE /* Preview Assets.xcassets */ = {isa = PBXFileReference; lastKnownFileType = folder.assetcatalog; path = "Preview Assets.xcassets"; sourceTree = "<group>"; };
		3F2F8BDF2AEC04F300393F60 /* SingleCard.swift */ = {isa = PBXFileReference; lastKnownFileType = sourcecode.swift; path = SingleCard.swift; sourceTree = "<group>"; };
		3F2F8BE22AEF4EF700393F60 /* ScheduleStack.swift */ = {isa = PBXFileReference; lastKnownFileType = sourcecode.swift; path = ScheduleStack.swift; sourceTree = "<group>"; };
		3F2F8BE42AEF4F3C00393F60 /* PeriodTimerRing.swift */ = {isa = PBXFileReference; lastKnownFileType = sourcecode.swift; path = PeriodTimerRing.swift; sourceTree = "<group>"; };
		3F399CCC2AFC479800A3505F /* Info.plist */ = {isa = PBXFileReference; lastKnownFileType = text.plist; path = Info.plist; sourceTree = "<group>"; };
		3F399CCD2AFD492600A3505F /* APIreturn.json */ = {isa = PBXFileReference; lastKnownFileType = text.json; path = APIreturn.json; sourceTree = "<group>"; };
		3FB335DB2AF302B100028FC8 /* DataStructs.swift */ = {isa = PBXFileReference; lastKnownFileType = sourcecode.swift; path = DataStructs.swift; sourceTree = "<group>"; };
		3FB54FE12AEFFAC000623592 /* Launch Screen.storyboard */ = {isa = PBXFileReference; lastKnownFileType = file.storyboard; path = "Launch Screen.storyboard"; sourceTree = "<group>"; };
		3FDB6AC72B456264005FBE27 /* StoredScheduleOnDate+CoreDataClass.swift */ = {isa = PBXFileReference; lastKnownFileType = sourcecode.swift; path = "StoredScheduleOnDate+CoreDataClass.swift"; sourceTree = "<group>"; };
		3FDB6AC82B456264005FBE27 /* StoredScheduleOnDate+CoreDataProperties.swift */ = {isa = PBXFileReference; lastKnownFileType = sourcecode.swift; path = "StoredScheduleOnDate+CoreDataProperties.swift"; sourceTree = "<group>"; };
		3FF726C52B0BB8450093E54C /* Model.xcdatamodel */ = {isa = PBXFileReference; lastKnownFileType = wrapper.xcdatamodel; path = Model.xcdatamodel; sourceTree = "<group>"; };
		3FF726C72B0BB8950093E54C /* Persistence.swift */ = {isa = PBXFileReference; lastKnownFileType = sourcecode.swift; path = Persistence.swift; sourceTree = "<group>"; };
		3FF726CB2B0BF9130093E54C /* StoredPeriod+CoreDataClass.swift */ = {isa = PBXFileReference; lastKnownFileType = sourcecode.swift; path = "StoredPeriod+CoreDataClass.swift"; sourceTree = "<group>"; };
		3FF726CC2B0BF9130093E54C /* StoredPeriod+CoreDataProperties.swift */ = {isa = PBXFileReference; lastKnownFileType = sourcecode.swift; path = "StoredPeriod+CoreDataProperties.swift"; sourceTree = "<group>"; };
		3FF726CD2B0BF9130093E54C /* StoredDayType+CoreDataClass.swift */ = {isa = PBXFileReference; lastKnownFileType = sourcecode.swift; path = "StoredDayType+CoreDataClass.swift"; sourceTree = "<group>"; };
		3FF726CE2B0BF9130093E54C /* StoredDayType+CoreDataProperties.swift */ = {isa = PBXFileReference; lastKnownFileType = sourcecode.swift; path = "StoredDayType+CoreDataProperties.swift"; sourceTree = "<group>"; };
/* End PBXFileReference section */

/* Begin PBXFrameworksBuildPhase section */
		3F09BC332AB2160D00924ACE /* Frameworks */ = {
			isa = PBXFrameworksBuildPhase;
			buildActionMask = 2147483647;
			files = (
			);
			runOnlyForDeploymentPostprocessing = 0;
		};
		3F09BC432AB2160F00924ACE /* Frameworks */ = {
			isa = PBXFrameworksBuildPhase;
			buildActionMask = 2147483647;
			files = (
			);
			runOnlyForDeploymentPostprocessing = 0;
		};
/* End PBXFrameworksBuildPhase section */

/* Begin PBXGroup section */
		3F09BC2D2AB2160D00924ACE = {
			isa = PBXGroup;
			children = (
				3FF726D82B0BF95A0093E54C /* CoreDataStore */,
				3F2F8BE42AEF4F3C00393F60 /* PeriodTimerRing.swift */,
				3FB335DB2AF302B100028FC8 /* DataStructs.swift */,
				3F399CCD2AFD492600A3505F /* APIreturn.json */,
				3F09BC382AB2160D00924ACE /* NativeDash */,
				3F09BC4A2AB2160F00924ACE /* NativeDash Watch App */,
				3F09BC372AB2160D00924ACE /* Products */,
			);
			sourceTree = "<group>";
		};
		3F09BC372AB2160D00924ACE /* Products */ = {
			isa = PBXGroup;
			children = (
				3F09BC362AB2160D00924ACE /* NativeDash.app */,
				3F09BC462AB2160F00924ACE /* NativeDash Watch App.app */,
			);
			name = Products;
			sourceTree = "<group>";
		};
		3F09BC382AB2160D00924ACE /* NativeDash */ = {
			isa = PBXGroup;
			children = (
				3F399CCC2AFC479800A3505F /* Info.plist */,
				3F09BC392AB2160D00924ACE /* NativeDashApp.swift */,
				3F09BC3B2AB2160D00924ACE /* ContentView.swift */,
				3F2F8BE22AEF4EF700393F60 /* ScheduleStack.swift */,
				3FB54FE12AEFFAC000623592 /* Launch Screen.storyboard */,
				3F2F8BDF2AEC04F300393F60 /* SingleCard.swift */,
				3F09BC3D2AB2160F00924ACE /* Assets.xcassets */,
				3F09BC3F2AB2160F00924ACE /* Preview Content */,
			);
			path = NativeDash;
			sourceTree = "<group>";
		};
		3F09BC3F2AB2160F00924ACE /* Preview Content */ = {
			isa = PBXGroup;
			children = (
				3F09BC402AB2160F00924ACE /* Preview Assets.xcassets */,
			);
			path = "Preview Content";
			sourceTree = "<group>";
		};
		3F09BC4A2AB2160F00924ACE /* NativeDash Watch App */ = {
			isa = PBXGroup;
			children = (
				3F09BC4B2AB2160F00924ACE /* NativeDashApp.swift */,
				3F09BC4D2AB2160F00924ACE /* ContentView.swift */,
				3F09BC4F2AB2161000924ACE /* Assets.xcassets */,
				3F09BC512AB2161000924ACE /* Preview Content */,
			);
			path = "NativeDash Watch App";
			sourceTree = "<group>";
		};
		3F09BC512AB2161000924ACE /* Preview Content */ = {
			isa = PBXGroup;
			children = (
				3F09BC522AB2161000924ACE /* Preview Assets.xcassets */,
			);
			path = "Preview Content";
			sourceTree = "<group>";
		};
		3FF726D82B0BF95A0093E54C /* CoreDataStore */ = {
			isa = PBXGroup;
			children = (
				3FF726C42B0BB8450093E54C /* NativeDash.xcdatamodeld */,
				3FF726C72B0BB8950093E54C /* Persistence.swift */,
				3FF726CB2B0BF9130093E54C /* StoredPeriod+CoreDataClass.swift */,
				3FF726CC2B0BF9130093E54C /* StoredPeriod+CoreDataProperties.swift */,
				3FF726CD2B0BF9130093E54C /* StoredDayType+CoreDataClass.swift */,
				3FF726CE2B0BF9130093E54C /* StoredDayType+CoreDataProperties.swift */,
				3FDB6AC72B456264005FBE27 /* StoredScheduleOnDate+CoreDataClass.swift */,
				3FDB6AC82B456264005FBE27 /* StoredScheduleOnDate+CoreDataProperties.swift */,
			);
			path = CoreDataStore;
			sourceTree = "<group>";
		};
/* End PBXGroup section */

/* Begin PBXNativeTarget section */
		3F09BC352AB2160D00924ACE /* NativeDash */ = {
			isa = PBXNativeTarget;
			buildConfigurationList = 3F09BC5A2AB2161000924ACE /* Build configuration list for PBXNativeTarget "NativeDash" */;
			buildPhases = (
				3F09BC322AB2160D00924ACE /* Sources */,
				3F09BC332AB2160D00924ACE /* Frameworks */,
				3F09BC342AB2160D00924ACE /* Resources */,
				3F09BC592AB2161000924ACE /* Embed Watch Content */,
			);
			buildRules = (
			);
			dependencies = (
				3F09BC492AB2160F00924ACE /* PBXTargetDependency */,
			);
			name = NativeDash;
			productName = NativeDash;
			productReference = 3F09BC362AB2160D00924ACE /* NativeDash.app */;
			productType = "com.apple.product-type.application";
		};
		3F09BC452AB2160F00924ACE /* NativeDash Watch App */ = {
			isa = PBXNativeTarget;
			buildConfigurationList = 3F09BC562AB2161000924ACE /* Build configuration list for PBXNativeTarget "NativeDash Watch App" */;
			buildPhases = (
				3F09BC422AB2160F00924ACE /* Sources */,
				3F09BC432AB2160F00924ACE /* Frameworks */,
				3F09BC442AB2160F00924ACE /* Resources */,
			);
			buildRules = (
			);
			dependencies = (
			);
			name = "NativeDash Watch App";
			productName = "NativeDash Watch App";
			productReference = 3F09BC462AB2160F00924ACE /* NativeDash Watch App.app */;
			productType = "com.apple.product-type.application";
		};
/* End PBXNativeTarget section */

/* Begin PBXProject section */
		3F09BC2E2AB2160D00924ACE /* Project object */ = {
			isa = PBXProject;
			attributes = {
				BuildIndependentTargetsInParallel = 1;
				LastSwiftUpdateCheck = 1430;
				LastUpgradeCheck = 1430;
				TargetAttributes = {
					3F09BC352AB2160D00924ACE = {
						CreatedOnToolsVersion = 14.3.1;
					};
					3F09BC452AB2160F00924ACE = {
						CreatedOnToolsVersion = 14.3.1;
					};
				};
			};
			buildConfigurationList = 3F09BC312AB2160D00924ACE /* Build configuration list for PBXProject "NativeDash" */;
			compatibilityVersion = "Xcode 14.0";
			developmentRegion = en;
			hasScannedForEncodings = 0;
			knownRegions = (
				en,
				Base,
			);
			mainGroup = 3F09BC2D2AB2160D00924ACE;
			productRefGroup = 3F09BC372AB2160D00924ACE /* Products */;
			projectDirPath = "";
			projectRoot = "";
			targets = (
				3F09BC352AB2160D00924ACE /* NativeDash */,
				3F09BC452AB2160F00924ACE /* NativeDash Watch App */,
			);
		};
/* End PBXProject section */

/* Begin PBXResourcesBuildPhase section */
		3F09BC342AB2160D00924ACE /* Resources */ = {
			isa = PBXResourcesBuildPhase;
			buildActionMask = 2147483647;
			files = (
				3FB54FE22AEFFAC000623592 /* Launch Screen.storyboard in Resources */,
				3F09BC412AB2160F00924ACE /* Preview Assets.xcassets in Resources */,
				3F09BC3E2AB2160F00924ACE /* Assets.xcassets in Resources */,
			);
			runOnlyForDeploymentPostprocessing = 0;
		};
		3F09BC442AB2160F00924ACE /* Resources */ = {
			isa = PBXResourcesBuildPhase;
			buildActionMask = 2147483647;
			files = (
				3F09BC532AB2161000924ACE /* Preview Assets.xcassets in Resources */,
				3F09BC502AB2161000924ACE /* Assets.xcassets in Resources */,
			);
			runOnlyForDeploymentPostprocessing = 0;
		};
/* End PBXResourcesBuildPhase section */

/* Begin PBXSourcesBuildPhase section */
		3F09BC322AB2160D00924ACE /* Sources */ = {
			isa = PBXSourcesBuildPhase;
			buildActionMask = 2147483647;
			files = (
				3F09BC3C2AB2160D00924ACE /* ContentView.swift in Sources */,
				3FF726C82B0BB8950093E54C /* Persistence.swift in Sources */,
				3F2F8BE32AEF4EF700393F60 /* ScheduleStack.swift in Sources */,
				3F2F8BE02AEC04F300393F60 /* SingleCard.swift in Sources */,
				3FDB6ACB2B456264005FBE27 /* StoredScheduleOnDate+CoreDataProperties.swift in Sources */,
				3FF726C62B0BB8450093E54C /* NativeDash.xcdatamodeld in Sources */,
				3FF726D52B0BF9130093E54C /* StoredDayType+CoreDataProperties.swift in Sources */,
				3F09BC3A2AB2160D00924ACE /* NativeDashApp.swift in Sources */,
				3FF726D32B0BF9130093E54C /* StoredDayType+CoreDataClass.swift in Sources */,
				3FB335DC2AF302B100028FC8 /* DataStructs.swift in Sources */,
				3FF726D12B0BF9130093E54C /* StoredPeriod+CoreDataProperties.swift in Sources */,
				3FF726CF2B0BF9130093E54C /* StoredPeriod+CoreDataClass.swift in Sources */,
				3FDB6AC92B456264005FBE27 /* StoredScheduleOnDate+CoreDataClass.swift in Sources */,
				3F2F8BE52AEF4F3C00393F60 /* PeriodTimerRing.swift in Sources */,
			);
			runOnlyForDeploymentPostprocessing = 0;
		};
		3F09BC422AB2160F00924ACE /* Sources */ = {
			isa = PBXSourcesBuildPhase;
			buildActionMask = 2147483647;
			files = (
				3FDB6ACA2B456264005FBE27 /* StoredScheduleOnDate+CoreDataClass.swift in Sources */,
				3F2F8BE62AEF4F3C00393F60 /* PeriodTimerRing.swift in Sources */,
				3FF726D22B0BF9130093E54C /* StoredPeriod+CoreDataProperties.swift in Sources */,
				3FDB6ACC2B456264005FBE27 /* StoredScheduleOnDate+CoreDataProperties.swift in Sources */,
				3F09BC4E2AB2160F00924ACE /* ContentView.swift in Sources */,
				3FF726C92B0BDBCC0093E54C /* NativeDash.xcdatamodeld in Sources */,
				3FF726CA2B0BDBEB0093E54C /* Persistence.swift in Sources */,
				3FB335DD2AF302B100028FC8 /* DataStructs.swift in Sources */,
				3FF726D62B0BF9130093E54C /* StoredDayType+CoreDataProperties.swift in Sources */,
				3F2F8BE12AEC04F300393F60 /* SingleCard.swift in Sources */,
				3FF726D02B0BF9130093E54C /* StoredPeriod+CoreDataClass.swift in Sources */,
				3F09BC4C2AB2160F00924ACE /* NativeDashApp.swift in Sources */,
				3FF726D42B0BF9130093E54C /* StoredDayType+CoreDataClass.swift in Sources */,
			);
			runOnlyForDeploymentPostprocessing = 0;
		};
/* End PBXSourcesBuildPhase section */

/* Begin PBXTargetDependency section */
		3F09BC492AB2160F00924ACE /* PBXTargetDependency */ = {
			isa = PBXTargetDependency;
			target = 3F09BC452AB2160F00924ACE /* NativeDash Watch App */;
			targetProxy = 3F09BC482AB2160F00924ACE /* PBXContainerItemProxy */;
		};
/* End PBXTargetDependency section */

/* Begin XCBuildConfiguration section */
		3F09BC542AB2161000924ACE /* Debug */ = {
			isa = XCBuildConfiguration;
			buildSettings = {
				ALWAYS_SEARCH_USER_PATHS = NO;
				CLANG_ANALYZER_NONNULL = YES;
				CLANG_ANALYZER_NUMBER_OBJECT_CONVERSION = YES_AGGRESSIVE;
				CLANG_CXX_LANGUAGE_STANDARD = "gnu++20";
				CLANG_ENABLE_MODULES = YES;
				CLANG_ENABLE_OBJC_ARC = YES;
				CLANG_ENABLE_OBJC_WEAK = YES;
				CLANG_WARN_BLOCK_CAPTURE_AUTORELEASING = YES;
				CLANG_WARN_BOOL_CONVERSION = YES;
				CLANG_WARN_COMMA = YES;
				CLANG_WARN_CONSTANT_CONVERSION = YES;
				CLANG_WARN_DEPRECATED_OBJC_IMPLEMENTATIONS = YES;
				CLANG_WARN_DIRECT_OBJC_ISA_USAGE = YES_ERROR;
				CLANG_WARN_DOCUMENTATION_COMMENTS = YES;
				CLANG_WARN_EMPTY_BODY = YES;
				CLANG_WARN_ENUM_CONVERSION = YES;
				CLANG_WARN_INFINITE_RECURSION = YES;
				CLANG_WARN_INT_CONVERSION = YES;
				CLANG_WARN_NON_LITERAL_NULL_CONVERSION = YES;
				CLANG_WARN_OBJC_IMPLICIT_RETAIN_SELF = YES;
				CLANG_WARN_OBJC_LITERAL_CONVERSION = YES;
				CLANG_WARN_OBJC_ROOT_CLASS = YES_ERROR;
				CLANG_WARN_QUOTED_INCLUDE_IN_FRAMEWORK_HEADER = YES;
				CLANG_WARN_RANGE_LOOP_ANALYSIS = YES;
				CLANG_WARN_STRICT_PROTOTYPES = YES;
				CLANG_WARN_SUSPICIOUS_MOVE = YES;
				CLANG_WARN_UNGUARDED_AVAILABILITY = YES_AGGRESSIVE;
				CLANG_WARN_UNREACHABLE_CODE = YES;
				CLANG_WARN__DUPLICATE_METHOD_MATCH = YES;
				COPY_PHASE_STRIP = NO;
				DEBUG_INFORMATION_FORMAT = dwarf;
				ENABLE_STRICT_OBJC_MSGSEND = YES;
				ENABLE_TESTABILITY = YES;
				GCC_C_LANGUAGE_STANDARD = gnu11;
				GCC_DYNAMIC_NO_PIC = NO;
				GCC_NO_COMMON_BLOCKS = YES;
				GCC_OPTIMIZATION_LEVEL = 0;
				GCC_PREPROCESSOR_DEFINITIONS = (
					"DEBUG=1",
					"$(inherited)",
				);
				GCC_WARN_64_TO_32_BIT_CONVERSION = YES;
				GCC_WARN_ABOUT_RETURN_TYPE = YES_ERROR;
				GCC_WARN_UNDECLARED_SELECTOR = YES;
				GCC_WARN_UNINITIALIZED_AUTOS = YES_AGGRESSIVE;
				GCC_WARN_UNUSED_FUNCTION = YES;
				GCC_WARN_UNUSED_VARIABLE = YES;
				MTL_ENABLE_DEBUG_INFO = INCLUDE_SOURCE;
				MTL_FAST_MATH = YES;
				ONLY_ACTIVE_ARCH = YES;
				SWIFT_ACTIVE_COMPILATION_CONDITIONS = DEBUG;
				SWIFT_OPTIMIZATION_LEVEL = "-Onone";
			};
			name = Debug;
		};
		3F09BC552AB2161000924ACE /* Release */ = {
			isa = XCBuildConfiguration;
			buildSettings = {
				ALWAYS_SEARCH_USER_PATHS = NO;
				CLANG_ANALYZER_NONNULL = YES;
				CLANG_ANALYZER_NUMBER_OBJECT_CONVERSION = YES_AGGRESSIVE;
				CLANG_CXX_LANGUAGE_STANDARD = "gnu++20";
				CLANG_ENABLE_MODULES = YES;
				CLANG_ENABLE_OBJC_ARC = YES;
				CLANG_ENABLE_OBJC_WEAK = YES;
				CLANG_WARN_BLOCK_CAPTURE_AUTORELEASING = YES;
				CLANG_WARN_BOOL_CONVERSION = YES;
				CLANG_WARN_COMMA = YES;
				CLANG_WARN_CONSTANT_CONVERSION = YES;
				CLANG_WARN_DEPRECATED_OBJC_IMPLEMENTATIONS = YES;
				CLANG_WARN_DIRECT_OBJC_ISA_USAGE = YES_ERROR;
				CLANG_WARN_DOCUMENTATION_COMMENTS = YES;
				CLANG_WARN_EMPTY_BODY = YES;
				CLANG_WARN_ENUM_CONVERSION = YES;
				CLANG_WARN_INFINITE_RECURSION = YES;
				CLANG_WARN_INT_CONVERSION = YES;
				CLANG_WARN_NON_LITERAL_NULL_CONVERSION = YES;
				CLANG_WARN_OBJC_IMPLICIT_RETAIN_SELF = YES;
				CLANG_WARN_OBJC_LITERAL_CONVERSION = YES;
				CLANG_WARN_OBJC_ROOT_CLASS = YES_ERROR;
				CLANG_WARN_QUOTED_INCLUDE_IN_FRAMEWORK_HEADER = YES;
				CLANG_WARN_RANGE_LOOP_ANALYSIS = YES;
				CLANG_WARN_STRICT_PROTOTYPES = YES;
				CLANG_WARN_SUSPICIOUS_MOVE = YES;
				CLANG_WARN_UNGUARDED_AVAILABILITY = YES_AGGRESSIVE;
				CLANG_WARN_UNREACHABLE_CODE = YES;
				CLANG_WARN__DUPLICATE_METHOD_MATCH = YES;
				COPY_PHASE_STRIP = NO;
				DEBUG_INFORMATION_FORMAT = "dwarf-with-dsym";
				ENABLE_NS_ASSERTIONS = NO;
				ENABLE_STRICT_OBJC_MSGSEND = YES;
				GCC_C_LANGUAGE_STANDARD = gnu11;
				GCC_NO_COMMON_BLOCKS = YES;
				GCC_WARN_64_TO_32_BIT_CONVERSION = YES;
				GCC_WARN_ABOUT_RETURN_TYPE = YES_ERROR;
				GCC_WARN_UNDECLARED_SELECTOR = YES;
				GCC_WARN_UNINITIALIZED_AUTOS = YES_AGGRESSIVE;
				GCC_WARN_UNUSED_FUNCTION = YES;
				GCC_WARN_UNUSED_VARIABLE = YES;
				MTL_ENABLE_DEBUG_INFO = NO;
				MTL_FAST_MATH = YES;
				SWIFT_COMPILATION_MODE = wholemodule;
				SWIFT_OPTIMIZATION_LEVEL = "-O";
			};
			name = Release;
		};
		3F09BC572AB2161000924ACE /* Debug */ = {
			isa = XCBuildConfiguration;
			buildSettings = {
				ASSETCATALOG_COMPILER_APPICON_NAME = AppIcon;
				ASSETCATALOG_COMPILER_GLOBAL_ACCENT_COLOR_NAME = AccentColor;
				CODE_SIGN_STYLE = Automatic;
				CURRENT_PROJECT_VERSION = 1;
				DEVELOPMENT_ASSET_PATHS = "\"NativeDash Watch App/Preview Content\"";
				DEVELOPMENT_TEAM = K5273GVYFN;
				ENABLE_PREVIEWS = YES;
				GENERATE_INFOPLIST_FILE = YES;
				INFOPLIST_KEY_CFBundleDisplayName = NativeDash;
				INFOPLIST_KEY_UISupportedInterfaceOrientations = "UIInterfaceOrientationPortrait UIInterfaceOrientationPortraitUpsideDown";
				INFOPLIST_KEY_WKCompanionAppBundleIdentifier = "com.icloud-djharrold53.NativeDash";
				LD_RUNPATH_SEARCH_PATHS = (
					"$(inherited)",
					"@executable_path/Frameworks",
				);
				MARKETING_VERSION = 1.0;
				PRODUCT_BUNDLE_IDENTIFIER = "com.icloud-djharrold53.NativeDash.watchkitapp";
				PRODUCT_NAME = "$(TARGET_NAME)";
				SDKROOT = watchos;
				SKIP_INSTALL = YES;
				SWIFT_EMIT_LOC_STRINGS = YES;
				SWIFT_VERSION = 5.0;
				TARGETED_DEVICE_FAMILY = 4;
				WATCHOS_DEPLOYMENT_TARGET = 9.4;
			};
			name = Debug;
		};
		3F09BC582AB2161000924ACE /* Release */ = {
			isa = XCBuildConfiguration;
			buildSettings = {
				ASSETCATALOG_COMPILER_APPICON_NAME = AppIcon;
				ASSETCATALOG_COMPILER_GLOBAL_ACCENT_COLOR_NAME = AccentColor;
				CODE_SIGN_STYLE = Automatic;
				CURRENT_PROJECT_VERSION = 1;
				DEVELOPMENT_ASSET_PATHS = "\"NativeDash Watch App/Preview Content\"";
				DEVELOPMENT_TEAM = K5273GVYFN;
				ENABLE_PREVIEWS = YES;
				GENERATE_INFOPLIST_FILE = YES;
				INFOPLIST_KEY_CFBundleDisplayName = NativeDash;
				INFOPLIST_KEY_UISupportedInterfaceOrientations = "UIInterfaceOrientationPortrait UIInterfaceOrientationPortraitUpsideDown";
				INFOPLIST_KEY_WKCompanionAppBundleIdentifier = "com.icloud-djharrold53.NativeDash";
				LD_RUNPATH_SEARCH_PATHS = (
					"$(inherited)",
					"@executable_path/Frameworks",
				);
				MARKETING_VERSION = 1.0;
				PRODUCT_BUNDLE_IDENTIFIER = "com.icloud-djharrold53.NativeDash.watchkitapp";
				PRODUCT_NAME = "$(TARGET_NAME)";
				SDKROOT = watchos;
				SKIP_INSTALL = YES;
				SWIFT_EMIT_LOC_STRINGS = YES;
				SWIFT_VERSION = 5.0;
				TARGETED_DEVICE_FAMILY = 4;
				VALIDATE_PRODUCT = YES;
				WATCHOS_DEPLOYMENT_TARGET = 9.4;
			};
			name = Release;
		};
		3F09BC5B2AB2161000924ACE /* Debug */ = {
			isa = XCBuildConfiguration;
			buildSettings = {
				ALWAYS_EMBED_SWIFT_STANDARD_LIBRARIES = YES;
				ASSETCATALOG_COMPILER_APPICON_NAME = AppIcon;
				ASSETCATALOG_COMPILER_GLOBAL_ACCENT_COLOR_NAME = AccentColor;
				CODE_SIGN_STYLE = Automatic;
				CURRENT_PROJECT_VERSION = 1;
				DEVELOPMENT_ASSET_PATHS = "\"NativeDash/Preview Content\"";
				DEVELOPMENT_TEAM = K5273GVYFN;
				ENABLE_PREVIEWS = YES;
				GENERATE_INFOPLIST_FILE = YES;
				INFOPLIST_FILE = NativeDash/Info.plist;
				INFOPLIST_KEY_CFBundleDisplayName = NativeDash;
				INFOPLIST_KEY_LSApplicationCategoryType = "public.app-category.utilities";
				INFOPLIST_KEY_UIApplicationSceneManifest_Generation = YES;
				INFOPLIST_KEY_UIApplicationSupportsIndirectInputEvents = YES;
				INFOPLIST_KEY_UILaunchScreen_Generation = YES;
				INFOPLIST_KEY_UILaunchStoryboardName = "Launch Screen.storyboard";
				INFOPLIST_KEY_UIStatusBarStyle = "";
				INFOPLIST_KEY_UISupportedInterfaceOrientations = UIInterfaceOrientationPortrait;
				IPHONEOS_DEPLOYMENT_TARGET = 16.4;
				LD_RUNPATH_SEARCH_PATHS = (
					"$(inherited)",
					"@executable_path/Frameworks",
				);
				MARKETING_VERSION = 1.0;
				PRODUCT_BUNDLE_IDENTIFIER = "com.icloud-djharrold53.NativeDash";
				PRODUCT_NAME = "$(TARGET_NAME)";
				SDKROOT = iphoneos;
				SWIFT_EMIT_LOC_STRINGS = YES;
				SWIFT_VERSION = 5.0;
				TARGETED_DEVICE_FAMILY = "1,2";
			};
			name = Debug;
		};
		3F09BC5C2AB2161000924ACE /* Release */ = {
			isa = XCBuildConfiguration;
			buildSettings = {
				ALWAYS_EMBED_SWIFT_STANDARD_LIBRARIES = YES;
				ASSETCATALOG_COMPILER_APPICON_NAME = AppIcon;
				ASSETCATALOG_COMPILER_GLOBAL_ACCENT_COLOR_NAME = AccentColor;
				CODE_SIGN_STYLE = Automatic;
				CURRENT_PROJECT_VERSION = 1;
				DEVELOPMENT_ASSET_PATHS = "\"NativeDash/Preview Content\"";
				DEVELOPMENT_TEAM = K5273GVYFN;
				ENABLE_PREVIEWS = YES;
				GENERATE_INFOPLIST_FILE = YES;
				INFOPLIST_FILE = NativeDash/Info.plist;
				INFOPLIST_KEY_CFBundleDisplayName = NativeDash;
				INFOPLIST_KEY_LSApplicationCategoryType = "public.app-category.utilities";
				INFOPLIST_KEY_UIApplicationSceneManifest_Generation = YES;
				INFOPLIST_KEY_UIApplicationSupportsIndirectInputEvents = YES;
				INFOPLIST_KEY_UILaunchScreen_Generation = YES;
				INFOPLIST_KEY_UILaunchStoryboardName = "Launch Screen.storyboard";
				INFOPLIST_KEY_UIStatusBarStyle = "";
				INFOPLIST_KEY_UISupportedInterfaceOrientations = UIInterfaceOrientationPortrait;
				IPHONEOS_DEPLOYMENT_TARGET = 16.4;
				LD_RUNPATH_SEARCH_PATHS = (
					"$(inherited)",
					"@executable_path/Frameworks",
				);
				MARKETING_VERSION = 1.0;
				PRODUCT_BUNDLE_IDENTIFIER = "com.icloud-djharrold53.NativeDash";
				PRODUCT_NAME = "$(TARGET_NAME)";
				SDKROOT = iphoneos;
				SWIFT_EMIT_LOC_STRINGS = YES;
				SWIFT_VERSION = 5.0;
				TARGETED_DEVICE_FAMILY = "1,2";
				VALIDATE_PRODUCT = YES;
			};
			name = Release;
		};
/* End XCBuildConfiguration section */

/* Begin XCConfigurationList section */
		3F09BC312AB2160D00924ACE /* Build configuration list for PBXProject "NativeDash" */ = {
			isa = XCConfigurationList;
			buildConfigurations = (
				3F09BC542AB2161000924ACE /* Debug */,
				3F09BC552AB2161000924ACE /* Release */,
			);
			defaultConfigurationIsVisible = 0;
			defaultConfigurationName = Release;
		};
		3F09BC562AB2161000924ACE /* Build configuration list for PBXNativeTarget "NativeDash Watch App" */ = {
			isa = XCConfigurationList;
			buildConfigurations = (
				3F09BC572AB2161000924ACE /* Debug */,
				3F09BC582AB2161000924ACE /* Release */,
			);
			defaultConfigurationIsVisible = 0;
			defaultConfigurationName = Release;
		};
		3F09BC5A2AB2161000924ACE /* Build configuration list for PBXNativeTarget "NativeDash" */ = {
			isa = XCConfigurationList;
			buildConfigurations = (
				3F09BC5B2AB2161000924ACE /* Debug */,
				3F09BC5C2AB2161000924ACE /* Release */,
			);
			defaultConfigurationIsVisible = 0;
			defaultConfigurationName = Release;
		};
/* End XCConfigurationList section */

/* Begin XCVersionGroup section */
		3FF726C42B0BB8450093E54C /* NativeDash.xcdatamodeld */ = {
			isa = XCVersionGroup;
			children = (
				3FF726C52B0BB8450093E54C /* Model.xcdatamodel */,
			);
			currentVersion = 3FF726C52B0BB8450093E54C /* Model.xcdatamodel */;
			path = NativeDash.xcdatamodeld;
			sourceTree = "<group>";
			versionGroupType = wrapper.xcdatamodel;
		};
/* End XCVersionGroup section */
	};
	rootObject = 3F09BC2E2AB2160D00924ACE /* Project object */;
}
